// !$*UTF8*$!
{
	archiveVersion = 1;
	classes = {
	};
	objectVersion = 46;
	objects = {

/* Begin PBXBuildFile section */
		EC98132F1B3F9FDA00406A4D /* main.m in Sources */ = {isa = PBXBuildFile; fileRef = EC98132E1B3F9FDA00406A4D /* main.m */; };
		EC9813321B3F9FDA00406A4D /* AppDelegate.m in Sources */ = {isa = PBXBuildFile; fileRef = EC9813311B3F9FDA00406A4D /* AppDelegate.m */; };
		EC9813351B3F9FDA00406A4D /* ViewController.m in Sources */ = {isa = PBXBuildFile; fileRef = EC9813341B3F9FDA00406A4D /* ViewController.m */; };
		EC9813381B3F9FDA00406A4D /* Main.storyboard in Resources */ = {isa = PBXBuildFile; fileRef = EC9813361B3F9FDA00406A4D /* Main.storyboard */; };
		EC98133A1B3F9FDA00406A4D /* Images.xcassets in Resources */ = {isa = PBXBuildFile; fileRef = EC9813391B3F9FDA00406A4D /* Images.xcassets */; };
		EC98133D1B3F9FDA00406A4D /* LaunchScreen.xib in Resources */ = {isa = PBXBuildFile; fileRef = EC98133B1B3F9FDA00406A4D /* LaunchScreen.xib */; };
		EC9813491B3F9FDA00406A4D /* UICollectionViewPracticeTests.m in Sources */ = {isa = PBXBuildFile; fileRef = EC9813481B3F9FDA00406A4D /* UICollectionViewPracticeTests.m */; };
		EC9813571B3FA55B00406A4D /* CollectionViewCellNo1.m in Sources */ = {isa = PBXBuildFile; fileRef = EC9813561B3FA55B00406A4D /* CollectionViewCellNo1.m */; };
		EC9813601B3FA8E200406A4D /* CollectionViewCellNo2_A.m in Sources */ = {isa = PBXBuildFile; fileRef = EC98135E1B3FA8E200406A4D /* CollectionViewCellNo2_A.m */; };
		EC9813611B3FA8E200406A4D /* CollectionViewCellNo2_A.xib in Resources */ = {isa = PBXBuildFile; fileRef = EC98135F1B3FA8E200406A4D /* CollectionViewCellNo2_A.xib */; };
		EC98136A1B3FD07B00406A4D /* CVCell.m in Sources */ = {isa = PBXBuildFile; fileRef = EC9813681B3FD07B00406A4D /* CVCell.m */; };
		EC98136B1B3FD07B00406A4D /* CVCell.xib in Resources */ = {isa = PBXBuildFile; fileRef = EC9813691B3FD07B00406A4D /* CVCell.xib */; };
		EC98136F1B3FE10800406A4D /* Tier1CollectionViewCell.m in Sources */ = {isa = PBXBuildFile; fileRef = EC98136D1B3FE10800406A4D /* Tier1CollectionViewCell.m */; };
		EC9813701B3FE10800406A4D /* Tier1CollectionViewCell.xib in Resources */ = {isa = PBXBuildFile; fileRef = EC98136E1B3FE10800406A4D /* Tier1CollectionViewCell.xib */; };
/* End PBXBuildFile section */

/* Begin PBXContainerItemProxy section */
		EC9813431B3F9FDA00406A4D /* PBXContainerItemProxy */ = {
			isa = PBXContainerItemProxy;
			containerPortal = EC9813211B3F9FDA00406A4D /* Project object */;
			proxyType = 1;
			remoteGlobalIDString = EC9813281B3F9FDA00406A4D;
			remoteInfo = UICollectionViewPractice;
		};
/* End PBXContainerItemProxy section */

/* Begin PBXFileReference section */
		EC9813291B3F9FDA00406A4D /* UICollectionViewPractice.app */ = {isa = PBXFileReference; explicitFileType = wrapper.application; includeInIndex = 0; path = UICollectionViewPractice.app; sourceTree = BUILT_PRODUCTS_DIR; };
		EC98132D1B3F9FDA00406A4D /* Info.plist */ = {isa = PBXFileReference; lastKnownFileType = text.plist.xml; path = Info.plist; sourceTree = "<group>"; };
		EC98132E1B3F9FDA00406A4D /* main.m */ = {isa = PBXFileReference; lastKnownFileType = sourcecode.c.objc; path = main.m; sourceTree = "<group>"; };
		EC9813301B3F9FDA00406A4D /* AppDelegate.h */ = {isa = PBXFileReference; lastKnownFileType = sourcecode.c.h; path = AppDelegate.h; sourceTree = "<group>"; };
		EC9813311B3F9FDA00406A4D /* AppDelegate.m */ = {isa = PBXFileReference; lastKnownFileType = sourcecode.c.objc; path = AppDelegate.m; sourceTree = "<group>"; };
		EC9813331B3F9FDA00406A4D /* ViewController.h */ = {isa = PBXFileReference; lastKnownFileType = sourcecode.c.h; path = ViewController.h; sourceTree = "<group>"; };
		EC9813341B3F9FDA00406A4D /* ViewController.m */ = {isa = PBXFileReference; lastKnownFileType = sourcecode.c.objc; path = ViewController.m; sourceTree = "<group>"; };
		EC9813371B3F9FDA00406A4D /* Base */ = {isa = PBXFileReference; lastKnownFileType = file.storyboard; name = Base; path = Base.lproj/Main.storyboard; sourceTree = "<group>"; };
		EC9813391B3F9FDA00406A4D /* Images.xcassets */ = {isa = PBXFileReference; lastKnownFileType = folder.assetcatalog; path = Images.xcassets; sourceTree = "<group>"; };
		EC98133C1B3F9FDA00406A4D /* Base */ = {isa = PBXFileReference; lastKnownFileType = file.xib; name = Base; path = Base.lproj/LaunchScreen.xib; sourceTree = "<group>"; };
		EC9813421B3F9FDA00406A4D /* UICollectionViewPracticeTests.xctest */ = {isa = PBXFileReference; explicitFileType = wrapper.cfbundle; includeInIndex = 0; path = UICollectionViewPracticeTests.xctest; sourceTree = BUILT_PRODUCTS_DIR; };
		EC9813471B3F9FDA00406A4D /* Info.plist */ = {isa = PBXFileReference; lastKnownFileType = text.plist.xml; path = Info.plist; sourceTree = "<group>"; };
		EC9813481B3F9FDA00406A4D /* UICollectionViewPracticeTests.m */ = {isa = PBXFileReference; lastKnownFileType = sourcecode.c.objc; path = UICollectionViewPracticeTests.m; sourceTree = "<group>"; };
		EC9813551B3FA55B00406A4D /* CollectionViewCellNo1.h */ = {isa = PBXFileReference; fileEncoding = 4; lastKnownFileType = sourcecode.c.h; path = CollectionViewCellNo1.h; sourceTree = "<group>"; };
		EC9813561B3FA55B00406A4D /* CollectionViewCellNo1.m */ = {isa = PBXFileReference; fileEncoding = 4; lastKnownFileType = sourcecode.c.objc; path = CollectionViewCellNo1.m; sourceTree = "<group>"; };
		EC98135D1B3FA8E200406A4D /* CollectionViewCellNo2_A.h */ = {isa = PBXFileReference; fileEncoding = 4; lastKnownFileType = sourcecode.c.h; path = CollectionViewCellNo2_A.h; sourceTree = "<group>"; };
		EC98135E1B3FA8E200406A4D /* CollectionViewCellNo2_A.m */ = {isa = PBXFileReference; fileEncoding = 4; lastKnownFileType = sourcecode.c.objc; path = CollectionViewCellNo2_A.m; sourceTree = "<group>"; };
		EC98135F1B3FA8E200406A4D /* CollectionViewCellNo2_A.xib */ = {isa = PBXFileReference; fileEncoding = 4; lastKnownFileType = file.xib; path = CollectionViewCellNo2_A.xib; sourceTree = "<group>"; };
		EC9813671B3FD07B00406A4D /* CVCell.h */ = {isa = PBXFileReference; fileEncoding = 4; lastKnownFileType = sourcecode.c.h; path = CVCell.h; sourceTree = "<group>"; };
		EC9813681B3FD07B00406A4D /* CVCell.m */ = {isa = PBXFileReference; fileEncoding = 4; lastKnownFileType = sourcecode.c.objc; path = CVCell.m; sourceTree = "<group>"; };
		EC9813691B3FD07B00406A4D /* CVCell.xib */ = {isa = PBXFileReference; fileEncoding = 4; lastKnownFileType = file.xib; path = CVCell.xib; sourceTree = "<group>"; };
		EC98136C1B3FE10800406A4D /* Tier1CollectionViewCell.h */ = {isa = PBXFileReference; fileEncoding = 4; lastKnownFileType = sourcecode.c.h; path = Tier1CollectionViewCell.h; sourceTree = "<group>"; };
		EC98136D1B3FE10800406A4D /* Tier1CollectionViewCell.m */ = {isa = PBXFileReference; fileEncoding = 4; lastKnownFileType = sourcecode.c.objc; path = Tier1CollectionViewCell.m; sourceTree = "<group>"; };
		EC98136E1B3FE10800406A4D /* Tier1CollectionViewCell.xib */ = {isa = PBXFileReference; fileEncoding = 4; lastKnownFileType = file.xib; path = Tier1CollectionViewCell.xib; sourceTree = "<group>"; };
/* End PBXFileReference section */

/* Begin PBXFrameworksBuildPhase section */
		EC9813261B3F9FDA00406A4D /* Frameworks */ = {
			isa = PBXFrameworksBuildPhase;
			buildActionMask = 2147483647;
			files = (
			);
			runOnlyForDeploymentPostprocessing = 0;
		};
		EC98133F1B3F9FDA00406A4D /* Frameworks */ = {
			isa = PBXFrameworksBuildPhase;
			buildActionMask = 2147483647;
			files = (
			);
			runOnlyForDeploymentPostprocessing = 0;
		};
/* End PBXFrameworksBuildPhase section */

/* Begin PBXGroup section */
		EC9813201B3F9FDA00406A4D = {
			isa = PBXGroup;
			children = (
				EC98132B1B3F9FDA00406A4D /* UICollectionViewPractice */,
				EC9813451B3F9FDA00406A4D /* UICollectionViewPracticeTests */,
				EC98132A1B3F9FDA00406A4D /* Products */,
			);
			sourceTree = "<group>";
		};
		EC98132A1B3F9FDA00406A4D /* Products */ = {
			isa = PBXGroup;
			children = (
				EC9813291B3F9FDA00406A4D /* UICollectionViewPractice.app */,
				EC9813421B3F9FDA00406A4D /* UICollectionViewPracticeTests.xctest */,
			);
			name = Products;
			sourceTree = "<group>";
		};
		EC98132B1B3F9FDA00406A4D /* UICollectionViewPractice */ = {
			isa = PBXGroup;
			children = (
				EC9813301B3F9FDA00406A4D /* AppDelegate.h */,
				EC9813311B3F9FDA00406A4D /* AppDelegate.m */,
				EC9813361B3F9FDA00406A4D /* Main.storyboard */,
				EC9813331B3F9FDA00406A4D /* ViewController.h */,
				EC9813341B3F9FDA00406A4D /* ViewController.m */,
				EC9813581B3FA77F00406A4D /* No1 */,
				EC98135C1B3FA83E00406A4D /* No2 */,
				EC9813711B3FE10D00406A4D /* No3 */,
				EC9813391B3F9FDA00406A4D /* Images.xcassets */,
				EC98133B1B3F9FDA00406A4D /* LaunchScreen.xib */,
				EC98132C1B3F9FDA00406A4D /* Supporting Files */,
			);
			path = UICollectionViewPractice;
			sourceTree = "<group>";
		};
		EC98132C1B3F9FDA00406A4D /* Supporting Files */ = {
			isa = PBXGroup;
			children = (
				EC98132D1B3F9FDA00406A4D /* Info.plist */,
				EC98132E1B3F9FDA00406A4D /* main.m */,
			);
			name = "Supporting Files";
			sourceTree = "<group>";
		};
		EC9813451B3F9FDA00406A4D /* UICollectionViewPracticeTests */ = {
			isa = PBXGroup;
			children = (
				EC9813481B3F9FDA00406A4D /* UICollectionViewPracticeTests.m */,
				EC9813461B3F9FDA00406A4D /* Supporting Files */,
			);
			path = UICollectionViewPracticeTests;
			sourceTree = "<group>";
		};
		EC9813461B3F9FDA00406A4D /* Supporting Files */ = {
			isa = PBXGroup;
			children = (
				EC9813471B3F9FDA00406A4D /* Info.plist */,
			);
			name = "Supporting Files";
			sourceTree = "<group>";
		};
		EC9813581B3FA77F00406A4D /* No1 */ = {
			isa = PBXGroup;
			children = (
				EC9813551B3FA55B00406A4D /* CollectionViewCellNo1.h */,
				EC9813561B3FA55B00406A4D /* CollectionViewCellNo1.m */,
			);
			name = No1;
			sourceTree = "<group>";
		};
		EC98135C1B3FA83E00406A4D /* No2 */ = {
			isa = PBXGroup;
			children = (
				EC98135D1B3FA8E200406A4D /* CollectionViewCellNo2_A.h */,
				EC98135E1B3FA8E200406A4D /* CollectionViewCellNo2_A.m */,
				EC98135F1B3FA8E200406A4D /* CollectionViewCellNo2_A.xib */,
				EC9813671B3FD07B00406A4D /* CVCell.h */,
				EC9813681B3FD07B00406A4D /* CVCell.m */,
				EC9813691B3FD07B00406A4D /* CVCell.xib */,
			);
			name = No2;
			sourceTree = "<group>";
		};
		EC9813711B3FE10D00406A4D /* No3 */ = {
			isa = PBXGroup;
			children = (
				EC98136C1B3FE10800406A4D /* Tier1CollectionViewCell.h */,
				EC98136D1B3FE10800406A4D /* Tier1CollectionViewCell.m */,
				EC98136E1B3FE10800406A4D /* Tier1CollectionViewCell.xib */,
			);
			name = No3;
			sourceTree = "<group>";
		};
/* End PBXGroup section */

/* Begin PBXNativeTarget section */
		EC9813281B3F9FDA00406A4D /* UICollectionViewPractice */ = {
			isa = PBXNativeTarget;
			buildConfigurationList = EC98134C1B3F9FDA00406A4D /* Build configuration list for PBXNativeTarget "UICollectionViewPractice" */;
			buildPhases = (
				EC9813251B3F9FDA00406A4D /* Sources */,
				EC9813261B3F9FDA00406A4D /* Frameworks */,
				EC9813271B3F9FDA00406A4D /* Resources */,
			);
			buildRules = (
			);
			dependencies = (
			);
			name = UICollectionViewPractice;
			productName = UICollectionViewPractice;
			productReference = EC9813291B3F9FDA00406A4D /* UICollectionViewPractice.app */;
			productType = "com.apple.product-type.application";
		};
		EC9813411B3F9FDA00406A4D /* UICollectionViewPracticeTests */ = {
			isa = PBXNativeTarget;
			buildConfigurationList = EC98134F1B3F9FDA00406A4D /* Build configuration list for PBXNativeTarget "UICollectionViewPracticeTests" */;
			buildPhases = (
				EC98133E1B3F9FDA00406A4D /* Sources */,
				EC98133F1B3F9FDA00406A4D /* Frameworks */,
				EC9813401B3F9FDA00406A4D /* Resources */,
			);
			buildRules = (
			);
			dependencies = (
				EC9813441B3F9FDA00406A4D /* PBXTargetDependency */,
			);
			name = UICollectionViewPracticeTests;
			productName = UICollectionViewPracticeTests;
			productReference = EC9813421B3F9FDA00406A4D /* UICollectionViewPracticeTests.xctest */;
			productType = "com.apple.product-type.bundle.unit-test";
		};
/* End PBXNativeTarget section */

/* Begin PBXProject section */
		EC9813211B3F9FDA00406A4D /* Project object */ = {
			isa = PBXProject;
			attributes = {
				LastUpgradeCheck = 0630;
				ORGANIZATIONNAME = "Chin-Hui Hsieh";
				TargetAttributes = {
					EC9813281B3F9FDA00406A4D = {
						CreatedOnToolsVersion = 6.3.2;
					};
					EC9813411B3F9FDA00406A4D = {
						CreatedOnToolsVersion = 6.3.2;
						TestTargetID = EC9813281B3F9FDA00406A4D;
					};
				};
			};
			buildConfigurationList = EC9813241B3F9FDA00406A4D /* Build configuration list for PBXProject "UICollectionViewPractice" */;
			compatibilityVersion = "Xcode 3.2";
			developmentRegion = English;
			hasScannedForEncodings = 0;
			knownRegions = (
				en,
				Base,
			);
			mainGroup = EC9813201B3F9FDA00406A4D;
			productRefGroup = EC98132A1B3F9FDA00406A4D /* Products */;
			projectDirPath = "";
			projectRoot = "";
			targets = (
				EC9813281B3F9FDA00406A4D /* UICollectionViewPractice */,
				EC9813411B3F9FDA00406A4D /* UICollectionViewPracticeTests */,
			);
		};
/* End PBXProject section */

/* Begin PBXResourcesBuildPhase section */
		EC9813271B3F9FDA00406A4D /* Resources */ = {
			isa = PBXResourcesBuildPhase;
			buildActionMask = 2147483647;
			files = (
				EC9813701B3FE10800406A4D /* Tier1CollectionViewCell.xib in Resources */,
				EC98136B1B3FD07B00406A4D /* CVCell.xib in Resources */,
				EC9813381B3F9FDA00406A4D /* Main.storyboard in Resources */,
				EC98133D1B3F9FDA00406A4D /* LaunchScreen.xib in Resources */,
				EC9813611B3FA8E200406A4D /* CollectionViewCellNo2_A.xib in Resources */,
				EC98133A1B3F9FDA00406A4D /* Images.xcassets in Resources */,
			);
			runOnlyForDeploymentPostprocessing = 0;
		};
		EC9813401B3F9FDA00406A4D /* Resources */ = {
			isa = PBXResourcesBuildPhase;
			buildActionMask = 2147483647;
			files = (
			);
			runOnlyForDeploymentPostprocessing = 0;
		};
/* End PBXResourcesBuildPhase section */

/* Begin PBXSourcesBuildPhase section */
		EC9813251B3F9FDA00406A4D /* Sources */ = {
			isa = PBXSourcesBuildPhase;
			buildActionMask = 2147483647;
			files = (
				EC9813601B3FA8E200406A4D /* CollectionViewCellNo2_A.m in Sources */,
				EC9813351B3F9FDA00406A4D /* ViewController.m in Sources */,
				EC98136A1B3FD07B00406A4D /* CVCell.m in Sources */,
				EC98136F1B3FE10800406A4D /* Tier1CollectionViewCell.m in Sources */,
				EC9813321B3F9FDA00406A4D /* AppDelegate.m in Sources */,
				EC98132F1B3F9FDA00406A4D /* main.m in Sources */,
				EC9813571B3FA55B00406A4D /* CollectionViewCellNo1.m in Sources */,
			);
			runOnlyForDeploymentPostprocessing = 0;
		};
		EC98133E1B3F9FDA00406A4D /* Sources */ = {
			isa = PBXSourcesBuildPhase;
			buildActionMask = 2147483647;
			files = (
				EC9813491B3F9FDA00406A4D /* UICollectionViewPracticeTests.m in Sources */,
			);
			runOnlyForDeploymentPostprocessing = 0;
		};
/* End PBXSourcesBuildPhase section */

/* Begin PBXTargetDependency section */
		EC9813441B3F9FDA00406A4D /* PBXTargetDependency */ = {
			isa = PBXTargetDependency;
			target = EC9813281B3F9FDA00406A4D /* UICollectionViewPractice */;
			targetProxy = EC9813431B3F9FDA00406A4D /* PBXContainerItemProxy */;
		};
/* End PBXTargetDependency section */

/* Begin PBXVariantGroup section */
		EC9813361B3F9FDA00406A4D /* Main.storyboard */ = {
			isa = PBXVariantGroup;
			children = (
				EC9813371B3F9FDA00406A4D /* Base */,
			);
			name = Main.storyboard;
			sourceTree = "<group>";
		};
		EC98133B1B3F9FDA00406A4D /* LaunchScreen.xib */ = {
			isa = PBXVariantGroup;
			children = (
				EC98133C1B3F9FDA00406A4D /* Base */,
			);
			name = LaunchScreen.xib;
			sourceTree = "<group>";
		};
/* End PBXVariantGroup section */

/* Begin XCBuildConfiguration section */
		EC98134A1B3F9FDA00406A4D /* Debug */ = {
			isa = XCBuildConfiguration;
			buildSettings = {
				ALWAYS_SEARCH_USER_PATHS = NO;
				CLANG_CXX_LANGUAGE_STANDARD = "gnu++0x";
				CLANG_CXX_LIBRARY = "libc++";
				CLANG_ENABLE_MODULES = YES;
				CLANG_ENABLE_OBJC_ARC = YES;
				CLANG_WARN_BOOL_CONVERSION = YES;
				CLANG_WARN_CONSTANT_CONVERSION = YES;
				CLANG_WARN_DIRECT_OBJC_ISA_USAGE = YES_ERROR;
				CLANG_WARN_EMPTY_BODY = YES;
				CLANG_WARN_ENUM_CONVERSION = YES;
				CLANG_WARN_INT_CONVERSION = YES;
				CLANG_WARN_OBJC_ROOT_CLASS = YES_ERROR;
				CLANG_WARN_UNREACHABLE_CODE = YES;
				CLANG_WARN__DUPLICATE_METHOD_MATCH = YES;
				"CODE_SIGN_IDENTITY[sdk=iphoneos*]" = "iPhone Developer";
				COPY_PHASE_STRIP = NO;
				DEBUG_INFORMATION_FORMAT = "dwarf-with-dsym";
				ENABLE_STRICT_OBJC_MSGSEND = YES;
				GCC_C_LANGUAGE_STANDARD = gnu99;
				GCC_DYNAMIC_NO_PIC = NO;
				GCC_NO_COMMON_BLOCKS = YES;
				GCC_OPTIMIZATION_LEVEL = 0;
				GCC_PREPROCESSOR_DEFINITIONS = (
					"DEBUG=1",
					"$(inherited)",
				);
				GCC_SYMBOLS_PRIVATE_EXTERN = NO;
				GCC_WARN_64_TO_32_BIT_CONVERSION = YES;
				GCC_WARN_ABOUT_RETURN_TYPE = YES_ERROR;
				GCC_WARN_UNDECLARED_SELECTOR = YES;
				GCC_WARN_UNINITIALIZED_AUTOS = YES_AGGRESSIVE;
				GCC_WARN_UNUSED_FUNCTION = YES;
				GCC_WARN_UNUSED_VARIABLE = YES;
				IPHONEOS_DEPLOYMENT_TARGET = 8.3;
				MTL_ENABLE_DEBUG_INFO = YES;
				ONLY_ACTIVE_ARCH = YES;
				SDKROOT = iphoneos;
			};
			name = Debug;
		};
		EC98134B1B3F9FDA00406A4D /* Release */ = {
			isa = XCBuildConfiguration;
			buildSettings = {
				ALWAYS_SEARCH_USER_PATHS = NO;
				CLANG_CXX_LANGUAGE_STANDARD = "gnu++0x";
				CLANG_CXX_LIBRARY = "libc++";
				CLANG_ENABLE_MODULES = YES;
				CLANG_ENABLE_OBJC_ARC = YES;
				CLANG_WARN_BOOL_CONVERSION = YES;
				CLANG_WARN_CONSTANT_CONVERSION = YES;
				CLANG_WARN_DIRECT_OBJC_ISA_USAGE = YES_ERROR;
				CLANG_WARN_EMPTY_BODY = YES;
				CLANG_WARN_ENUM_CONVERSION = YES;
				CLANG_WARN_INT_CONVERSION = YES;
				CLANG_WARN_OBJC_ROOT_CLASS = YES_ERROR;
				CLANG_WARN_UNREACHABLE_CODE = YES;
				CLANG_WARN__DUPLICATE_METHOD_MATCH = YES;
				"CODE_SIGN_IDENTITY[sdk=iphoneos*]" = "iPhone Developer";
				COPY_PHASE_STRIP = NO;
				DEBUG_INFORMATION_FORMAT = "dwarf-with-dsym";
				ENABLE_NS_ASSERTIONS = NO;
				ENABLE_STRICT_OBJC_MSGSEND = YES;
				GCC_C_LANGUAGE_STANDARD = gnu99;
				GCC_NO_COMMON_BLOCKS = YES;
				GCC_WARN_64_TO_32_BIT_CONVERSION = YES;
				GCC_WARN_ABOUT_RETURN_TYPE = YES_ERROR;
				GCC_WARN_UNDECLARED_SELECTOR = YES;
				GCC_WARN_UNINITIALIZED_AUTOS = YES_AGGRESSIVE;
				GCC_WARN_UNUSED_FUNCTION = YES;
				GCC_WARN_UNUSED_VARIABLE = YES;
				IPHONEOS_DEPLOYMENT_TARGET = 8.3;
				MTL_ENABLE_DEBUG_INFO = NO;
				SDKROOT = iphoneos;
				VALIDATE_PRODUCT = YES;
			};
			name = Release;
		};
		EC98134D1B3F9FDA00406A4D /* Debug */ = {
			isa = XCBuildConfiguration;
			buildSettings = {
				ASSETCATALOG_COMPILER_APPICON_NAME = AppIcon;
				INFOPLIST_FILE = UICollectionViewPractice/Info.plist;
				LD_RUNPATH_SEARCH_PATHS = "$(inherited) @executable_path/Frameworks";
				PRODUCT_NAME = "$(TARGET_NAME)";
			};
			name = Debug;
		};
		EC98134E1B3F9FDA00406A4D /* Release */ = {
			isa = XCBuildConfiguration;
			buildSettings = {
				ASSETCATALOG_COMPILER_APPICON_NAME = AppIcon;
				INFOPLIST_FILE = UICollectionViewPractice/Info.plist;
				LD_RUNPATH_SEARCH_PATHS = "$(inherited) @executable_path/Frameworks";
				PRODUCT_NAME = "$(TARGET_NAME)";
			};
			name = Release;
		};
		EC9813501B3F9FDA00406A4D /* Debug */ = {
			isa = XCBuildConfiguration;
			buildSettings = {
				BUNDLE_LOADER = "$(TEST_HOST)";
				FRAMEWORK_SEARCH_PATHS = (
					"$(SDKROOT)/Developer/Library/Frameworks",
					"$(inherited)",
				);
				GCC_PREPROCESSOR_DEFINITIONS = (
					"DEBUG=1",
					"$(inherited)",
				);
				INFOPLIST_FILE = UICollectionViewPracticeTests/Info.plist;
				LD_RUNPATH_SEARCH_PATHS = "$(inherited) @executable_path/Frameworks @loader_path/Frameworks";
				PRODUCT_NAME = "$(TARGET_NAME)";
				TEST_HOST = "$(BUILT_PRODUCTS_DIR)/UICollectionViewPractice.app/UICollectionViewPractice";
			};
			name = Debug;
		};
		EC9813511B3F9FDA00406A4D /* Release */ = {
			isa = XCBuildConfiguration;
			buildSettings = {
				BUNDLE_LOADER = "$(TEST_HOST)";
				FRAMEWORK_SEARCH_PATHS = (
					"$(SDKROOT)/Developer/Library/Frameworks",
					"$(inherited)",
				);
				INFOPLIST_FILE = UICollectionViewPracticeTests/Info.plist;
				LD_RUNPATH_SEARCH_PATHS = "$(inherited) @executable_path/Frameworks @loader_path/Frameworks";
				PRODUCT_NAME = "$(TARGET_NAME)";
				TEST_HOST = "$(BUILT_PRODUCTS_DIR)/UICollectionViewPractice.app/UICollectionViewPractice";
			};
			name = Release;
		};
/* End XCBuildConfiguration section */

/* Begin XCConfigurationList section */
		EC9813241B3F9FDA00406A4D /* Build configuration list for PBXProject "UICollectionViewPractice" */ = {
			isa = XCConfigurationList;
			buildConfigurations = (
				EC98134A1B3F9FDA00406A4D /* Debug */,
				EC98134B1B3F9FDA00406A4D /* Release */,
			);
			defaultConfigurationIsVisible = 0;
			defaultConfigurationName = Release;
		};
		EC98134C1B3F9FDA00406A4D /* Build configuration list for PBXNativeTarget "UICollectionViewPractice" */ = {
			isa = XCConfigurationList;
			buildConfigurations = (
				EC98134D1B3F9FDA00406A4D /* Debug */,
				EC98134E1B3F9FDA00406A4D /* Release */,
			);
			defaultConfigurationIsVisible = 0;
			defaultConfigurationName = Release;
		};
		EC98134F1B3F9FDA00406A4D /* Build configuration list for PBXNativeTarget "UICollectionViewPracticeTests" */ = {
			isa = XCConfigurationList;
			buildConfigurations = (
				EC9813501B3F9FDA00406A4D /* Debug */,
				EC9813511B3F9FDA00406A4D /* Release */,
			);
			defaultConfigurationIsVisible = 0;
			defaultConfigurationName = Release;
		};
/* End XCConfigurationList section */
	};
	rootObject = EC9813211B3F9FDA00406A4D /* Project object */;
}
